Microsoft Visual Studio Solution File, Format Version 12.00
# Visual Studio Version 17
VisualStudioVersion = 17.9.34728.123
MinimumVisualStudioVersion = 10.0.40219.1
Project("{9A19103F-16F7-4668-BE54-9A1E7A4F7556}") = "Application", "Application\Application.csproj", "{6F45E9EC-C072-46E1-B7B4-EA18776B9064}"
	ProjectSection(ProjectDependencies) = postProject
		{21A8CF86-C91C-4701-855F-9579B00EC7BD} = {21A8CF86-C91C-4701-855F-9579B00EC7BD}
		{2E9DD8F3-645E-47C8-9CAE-42AF6BF6B0AB} = {2E9DD8F3-645E-47C8-9CAE-42AF6BF6B0AB}
		{788C7052-42EB-4095-83AF-4FBB8755C428} = {788C7052-42EB-4095-83AF-4FBB8755C428}
	EndProjectSection
EndProject
Project("{9A19103F-16F7-4668-BE54-9A1E7A4F7556}") = "View", "View\View.csproj", "{788C7052-42EB-4095-83AF-4FBB8755C428}"
	ProjectSection(ProjectDependencies) = postProject
		{21A8CF86-C91C-4701-855F-9579B00EC7BD} = {21A8CF86-C91C-4701-855F-9579B00EC7BD}
	EndProjectSection
EndProject
Project("{9A19103F-16F7-4668-BE54-9A1E7A4F7556}") = "Controller", "Controller\Controller.csproj", "{21A8CF86-C91C-4701-855F-9579B00EC7BD}"
EndProject
Project("{9A19103F-16F7-4668-BE54-9A1E7A4F7556}") = "Model", "Model\Model.csproj", "{2E9DD8F3-645E-47C8-9CAE-42AF6BF6B0AB}"
	ProjectSection(ProjectDependencies) = postProject
		{21A8CF86-C91C-4701-855F-9579B00EC7BD} = {21A8CF86-C91C-4701-855F-9579B00EC7BD}
		{788C7052-42EB-4095-83AF-4FBB8755C428} = {788C7052-42EB-4095-83AF-4FBB8755C428}
	EndProjectSection
EndProject
Global
	GlobalSection(SolutionConfigurationPlatforms) = preSolution
		Debug|Any CPU = Debug|Any CPU
		Release|Any CPU = Release|Any CPU
	EndGlobalSection
	GlobalSection(ProjectConfigurationPlatforms) = postSolution
		{6F45E9EC-C072-46E1-B7B4-EA18776B9064}.Debug|Any CPU.ActiveCfg = Debug|Any CPU
		{6F45E9EC-C072-46E1-B7B4-EA18776B9064}.Debug|Any CPU.Build.0 = Debug|Any CPU
		{6F45E9EC-C072-46E1-B7B4-EA18776B9064}.Release|Any CPU.ActiveCfg = Release|Any CPU
		{6F45E9EC-C072-46E1-B7B4-EA18776B9064}.Release|Any CPU.Build.0 = Release|Any CPU
		{788C7052-42EB-4095-83AF-4FBB8755C428}.Debug|Any CPU.ActiveCfg = Debug|Any CPU
		{788C7052-42EB-4095-83AF-4FBB8755C428}.Debug|Any CPU.Build.0 = Debug|Any CPU
		{788C7052-42EB-4095-83AF-4FBB8755C428}.Release|Any CPU.ActiveCfg = Release|Any CPU
		{788C7052-42EB-4095-83AF-4FBB8755C428}.Release|Any CPU.Build.0 = Release|Any CPU
		{21A8CF86-C91C-4701-855F-9579B00EC7BD}.Debug|Any CPU.ActiveCfg = Debug|Any CPU
		{21A8CF86-C91C-4701-855F-9579B00EC7BD}.Debug|Any CPU.Build.0 = Debug|Any CPU
		{21A8CF86-C91C-4701-855F-9579B00EC7BD}.Release|Any CPU.ActiveCfg = Release|Any CPU
		{21A8CF86-C91C-4701-855F-9579B00EC7BD}.Release|Any CPU.Build.0 = Release|Any CPU
		{2E9DD8F3-645E-47C8-9CAE-42AF6BF6B0AB}.Debug|Any CPU.ActiveCfg = Debug|Any CPU
		{2E9DD8F3-645E-47C8-9CAE-42AF6BF6B0AB}.Debug|Any CPU.Build.0 = Debug|Any CPU
		{2E9DD8F3-645E-47C8-9CAE-42AF6BF6B0AB}.Release|Any CPU.ActiveCfg = Release|Any CPU
		{2E9DD8F3-645E-47C8-9CAE-42AF6BF6B0AB}.Release|Any CPU.Build.0 = Release|Any CPU
	EndGlobalSection
	GlobalSection(SolutionProperties) = preSolution
		HideSolutionNode = FALSE
	EndGlobalSection
	GlobalSection(ExtensibilityGlobals) = postSolution
		SolutionGuid = {A037D256-6487-46BD-82C6-A13AC11A8107}
	EndGlobalSection
EndGlobal
